
Microsoft Visual Studio Solution File, Format Version 12.00
# Visual Studio Version 16
VisualStudioVersion = 16.0.28721.148
MinimumVisualStudioVersion = 10.0.40219.1
Project("{8BC9CEB8-8B4A-11D0-8D11-00A0C91BC942}") = "libzip-static", "libzip-static\libzip-static.vcxproj", "{C490F8C7-D8E8-43C9-8D09-9BC8AB705098}"
EndProject
Project("{8BC9CEB8-8B4A-11D0-8D11-00A0C91BC942}") = "libzip", "libzip\libzip.vcxproj", "{80FE36C5-3585-4B16-974E-07985CAC3ABC}"
EndProject
Project("{2150E333-8FDC-42A3-9474-1A3956D46DE8}") = "tools", "tools", "{0B93F7C4-1ED2-4582-9DA4-9AAECA9CD99A}"
EndProject
Project("{8BC9CEB8-8B4A-11D0-8D11-00A0C91BC942}") = "zipcmp", "tools\zipcmp\zipcmp.vcxproj", "{DAA335B5-95EF-4165-BCDD-3E08983FB34A}"
	ProjectSection(ProjectDependencies) = postProject
		{80FE36C5-3585-4B16-974E-07985CAC3ABC} = {80FE36C5-3585-4B16-974E-07985CAC3ABC}
	EndProjectSection
EndProject
Project("{8BC9CEB8-8B4A-11D0-8D11-00A0C91BC942}") = "zipcmp-static", "tools\zipcmp-static\zipcmp-static.vcxproj", "{CB8CCAD8-869A-4491-B865-C824AF77C3C9}"
	ProjectSection(ProjectDependencies) = postProject
		{C490F8C7-D8E8-43C9-8D09-9BC8AB705098} = {C490F8C7-D8E8-43C9-8D09-9BC8AB705098}
	EndProjectSection
EndProject
Project("{8BC9CEB8-8B4A-11D0-8D11-00A0C91BC942}") = "zipmerge", "tools\zipmerge\zipmerge.vcxproj", "{DC09913E-78AC-41BA-B30E-1758D521CF34}"
	ProjectSection(ProjectDependencies) = postProject
		{80FE36C5-3585-4B16-974E-07985CAC3ABC} = {80FE36C5-3585-4B16-974E-07985CAC3ABC}
	EndProjectSection
EndProject
Project("{8BC9CEB8-8B4A-11D0-8D11-00A0C91BC942}") = "zipmerge-static", "tools\zipmerge-static\zipmerge-static.vcxproj", "{6A5143A8-F116-4B73-AA53-0580564102D2}"
	ProjectSection(ProjectDependencies) = postProject
		{C490F8C7-D8E8-43C9-8D09-9BC8AB705098} = {C490F8C7-D8E8-43C9-8D09-9BC8AB705098}
	EndProjectSection
EndProject
Project("{8BC9CEB8-8B4A-11D0-8D11-00A0C91BC942}") = "ziptool", "tools\ziptool\ziptool.vcxproj", "{DA2DC84E-D8F9-4745-9BDA-65D8F77DA1DF}"
	ProjectSection(ProjectDependencies) = postProject
		{80FE36C5-3585-4B16-974E-07985CAC3ABC} = {80FE36C5-3585-4B16-974E-07985CAC3ABC}
	EndProjectSection
EndProject
Project("{8BC9CEB8-8B4A-11D0-8D11-00A0C91BC942}") = "ziptool-static", "tools\ziptool-static\ziptool-static.vcxproj", "{91BD404C-9555-4F6E-8175-CE7E711795BA}"
	ProjectSection(ProjectDependencies) = postProject
		{C490F8C7-D8E8-43C9-8D09-9BC8AB705098} = {C490F8C7-D8E8-43C9-8D09-9BC8AB705098}
	EndProjectSection
EndProject
Global
	GlobalSection(SolutionConfigurationPlatforms) = preSolution
		Debug|ARM64 = Debug|ARM64
		Release|ARM64 = Release|ARM64
	EndGlobalSection
	GlobalSection(ProjectConfigurationPlatforms) = postSolution
		{C490F8C7-D8E8-43C9-8D09-9BC8AB705098}.Debug|ARM64.ActiveCfg = Debug|ARM64
		{C490F8C7-D8E8-43C9-8D09-9BC8AB705098}.Debug|ARM64.Build.0 = Debug|ARM64
		{C490F8C7-D8E8-43C9-8D09-9BC8AB705098}.Release|ARM64.ActiveCfg = Release|ARM64
		{C490F8C7-D8E8-43C9-8D09-9BC8AB705098}.Release|ARM64.Build.0 = Release|ARM64
		{80FE36C5-3585-4B16-974E-07985CAC3ABC}.Debug|ARM64.ActiveCfg = Debug|ARM64
		{80FE36C5-3585-4B16-974E-07985CAC3ABC}.Debug|ARM64.Build.0 = Debug|ARM64
		{80FE36C5-3585-4B16-974E-07985CAC3ABC}.Release|ARM64.ActiveCfg = Release|ARM64
		{80FE36C5-3585-4B16-974E-07985CAC3ABC}.Release|ARM64.Build.0 = Release|ARM64
		{DAA335B5-95EF-4165-BCDD-3E08983FB34A}.Debug|ARM64.ActiveCfg = Debug|ARM64
		{DAA335B5-95EF-4165-BCDD-3E08983FB34A}.Debug|ARM64.Build.0 = Debug|ARM64
		{DAA335B5-95EF-4165-BCDD-3E08983FB34A}.Release|ARM64.ActiveCfg = Release|ARM64
		{DAA335B5-95EF-4165-BCDD-3E08983FB34A}.Release|ARM64.Build.0 = Release|ARM64
		{CB8CCAD8-869A-4491-B865-C824AF77C3C9}.Debug|ARM64.ActiveCfg = Debug|ARM64
		{CB8CCAD8-869A-4491-B865-C824AF77C3C9}.Debug|ARM64.Build.0 = Debug|ARM64
		{CB8CCAD8-869A-4491-B865-C824AF77C3C9}.Release|ARM64.ActiveCfg = Release|ARM64
		{CB8CCAD8-869A-4491-B865-C824AF77C3C9}.Release|ARM64.Build.0 = Release|ARM64
		{DC09913E-78AC-41BA-B30E-1758D521CF34}.Debug|ARM64.ActiveCfg = Debug|ARM64
		{DC09913E-78AC-41BA-B30E-1758D521CF34}.Debug|ARM64.Build.0 = Debug|ARM64
		{DC09913E-78AC-41BA-B30E-1758D521CF34}.Release|ARM64.ActiveCfg = Release|ARM64
		{DC09913E-78AC-41BA-B30E-1758D521CF34}.Release|ARM64.Build.0 = Release|ARM64
		{6A5143A8-F116-4B73-AA53-0580564102D2}.Debug|ARM64.ActiveCfg = Debug|ARM64
		{6A5143A8-F116-4B73-AA53-0580564102D2}.Debug|ARM64.Build.0 = Debug|ARM64
		{6A5143A8-F116-4B73-AA53-0580564102D2}.Release|ARM64.ActiveCfg = Release|ARM64
		{6A5143A8-F116-4B73-AA53-0580564102D2}.Release|ARM64.Build.0 = Release|ARM64
		{DA2DC84E-D8F9-4745-9BDA-65D8F77DA1DF}.Debug|ARM64.ActiveCfg = Debug|ARM64
		{DA2DC84E-D8F9-4745-9BDA-65D8F77DA1DF}.Debug|ARM64.Build.0 = Debug|ARM64
		{DA2DC84E-D8F9-4745-9BDA-65D8F77DA1DF}.Release|ARM64.ActiveCfg = Release|ARM64
		{DA2DC84E-D8F9-4745-9BDA-65D8F77DA1DF}.Release|ARM64.Build.0 = Release|ARM64
		{91BD404C-9555-4F6E-8175-CE7E711795BA}.Debug|ARM64.ActiveCfg = Debug|ARM64
		{91BD404C-9555-4F6E-8175-CE7E711795BA}.Debug|ARM64.Build.0 = Debug|ARM64
		{91BD404C-9555-4F6E-8175-CE7E711795BA}.Release|ARM64.ActiveCfg = Release|ARM64
		{91BD404C-9555-4F6E-8175-CE7E711795BA}.Release|ARM64.Build.0 = Release|ARM64
	EndGlobalSection
	GlobalSection(SolutionProperties) = preSolution
		HideSolutionNode = FALSE
	EndGlobalSection
	GlobalSection(NestedProjects) = preSolution
		{DAA335B5-95EF-4165-BCDD-3E08983FB34A} = {0B93F7C4-1ED2-4582-9DA4-9AAECA9CD99A}
		{CB8CCAD8-869A-4491-B865-C824AF77C3C9} = {0B93F7C4-1ED2-4582-9DA4-9AAECA9CD99A}
		{DC09913E-78AC-41BA-B30E-1758D521CF34} = {0B93F7C4-1ED2-4582-9DA4-9AAECA9CD99A}
		{6A5143A8-F116-4B73-AA53-0580564102D2} = {0B93F7C4-1ED2-4582-9DA4-9AAECA9CD99A}
		{DA2DC84E-D8F9-4745-9BDA-65D8F77DA1DF} = {0B93F7C4-1ED2-4582-9DA4-9AAECA9CD99A}
		{91BD404C-9555-4F6E-8175-CE7E711795BA} = {0B93F7C4-1ED2-4582-9DA4-9AAECA9CD99A}
	EndGlobalSection
	GlobalSection(ExtensibilityGlobals) = postSolution
		SolutionGuid = {8AE26B60-364E-4529-8423-D55460340816}
	EndGlobalSection
EndGlobal
